// !$*UTF8*$!
{
	archiveVersion = 1;
	classes = {
	};
	objectVersion = 46;
	objects = {

/* Begin PBXBuildFile section */
		BC0D672D1DD49D3900855C0E /* AppDelegate.swift in Sources */ = {isa = PBXBuildFile; fileRef = BC0D672C1DD49D3900855C0E /* AppDelegate.swift */; };
		BC0D672F1DD49D3900855C0E /* GameScene.sks in Resources */ = {isa = PBXBuildFile; fileRef = BC0D672E1DD49D3900855C0E /* GameScene.sks */; };
		BC0D67311DD49D3900855C0E /* Actions.sks in Resources */ = {isa = PBXBuildFile; fileRef = BC0D67301DD49D3900855C0E /* Actions.sks */; };
		BC0D67331DD49D3900855C0E /* GameScene.swift in Sources */ = {isa = PBXBuildFile; fileRef = BC0D67321DD49D3900855C0E /* GameScene.swift */; };
		BC0D67351DD49D3900855C0E /* GameViewController.swift in Sources */ = {isa = PBXBuildFile; fileRef = BC0D67341DD49D3900855C0E /* GameViewController.swift */; };
		BC0D67381DD49D3900855C0E /* Main.storyboard in Resources */ = {isa = PBXBuildFile; fileRef = BC0D67361DD49D3900855C0E /* Main.storyboard */; };
		BC0D673A1DD49D3900855C0E /* Assets.xcassets in Resources */ = {isa = PBXBuildFile; fileRef = BC0D67391DD49D3900855C0E /* Assets.xcassets */; };
		BC0D673D1DD49D3900855C0E /* LaunchScreen.storyboard in Resources */ = {isa = PBXBuildFile; fileRef = BC0D673B1DD49D3900855C0E /* LaunchScreen.storyboard */; };
		BC0D67461DD49DD000855C0E /* explosion.mp3 in Resources */ = {isa = PBXBuildFile; fileRef = BC0D67441DD49DD000855C0E /* explosion.mp3 */; };
		BC0D67471DD49DD000855C0E /* torpedo.mp3 in Resources */ = {isa = PBXBuildFile; fileRef = BC0D67451DD49DD000855C0E /* torpedo.mp3 */; };
		BC0D674B1DD4A01A00855C0E /* spark.png in Resources */ = {isa = PBXBuildFile; fileRef = BC0D674A1DD4A01A00855C0E /* spark.png */; };
		BC0D674E1DD4A03900855C0E /* Explosion.sks in Resources */ = {isa = PBXBuildFile; fileRef = BC0D674C1DD4A03900855C0E /* Explosion.sks */; };
		BC0D674F1DD4A03900855C0E /* Starfield.sks in Resources */ = {isa = PBXBuildFile; fileRef = BC0D674D1DD4A03900855C0E /* Starfield.sks */; };
		BC47F8D11DD75D9700F6E5EB /* MenuScene.sks in Resources */ = {isa = PBXBuildFile; fileRef = BC47F8D01DD75D9700F6E5EB /* MenuScene.sks */; };
		BC548CC31DE1CC7700F66210 /* MenuScene.swift in Sources */ = {isa = PBXBuildFile; fileRef = BC548CC21DE1CC7700F66210 /* MenuScene.swift */; };
/* End PBXBuildFile section */

/* Begin PBXFileReference section */
		BC0D67291DD49D3900855C0E /* SpaceGame.app */ = {isa = PBXFileReference; explicitFileType = wrapper.application; includeInIndex = 0; path = SpaceGame.app; sourceTree = BUILT_PRODUCTS_DIR; };
		BC0D672C1DD49D3900855C0E /* AppDelegate.swift */ = {isa = PBXFileReference; lastKnownFileType = sourcecode.swift; path = AppDelegate.swift; sourceTree = "<group>"; };
		BC0D672E1DD49D3900855C0E /* GameScene.sks */ = {isa = PBXFileReference; lastKnownFileType = file.sks; path = GameScene.sks; sourceTree = "<group>"; };
		BC0D67301DD49D3900855C0E /* Actions.sks */ = {isa = PBXFileReference; lastKnownFileType = file.sks; path = Actions.sks; sourceTree = "<group>"; };
		BC0D67321DD49D3900855C0E /* GameScene.swift */ = {isa = PBXFileReference; lastKnownFileType = sourcecode.swift; path = GameScene.swift; sourceTree = "<group>"; };
		BC0D67341DD49D3900855C0E /* GameViewController.swift */ = {isa = PBXFileReference; lastKnownFileType = sourcecode.swift; path = GameViewController.swift; sourceTree = "<group>"; };
		BC0D67371DD49D3900855C0E /* Base */ = {isa = PBXFileReference; lastKnownFileType = file.storyboard; name = Base; path = Base.lproj/Main.storyboard; sourceTree = "<group>"; };
		BC0D67391DD49D3900855C0E /* Assets.xcassets */ = {isa = PBXFileReference; lastKnownFileType = folder.assetcatalog; path = Assets.xcassets; sourceTree = "<group>"; };
		BC0D673C1DD49D3900855C0E /* Base */ = {isa = PBXFileReference; lastKnownFileType = file.storyboard; name = Base; path = Base.lproj/LaunchScreen.storyboard; sourceTree = "<group>"; };
		BC0D673E1DD49D3900855C0E /* Info.plist */ = {isa = PBXFileReference; lastKnownFileType = text.plist.xml; path = Info.plist; sourceTree = "<group>"; };
		BC0D67441DD49DD000855C0E /* explosion.mp3 */ = {isa = PBXFileReference; lastKnownFileType = audio.mp3; path = explosion.mp3; sourceTree = "<group>"; };
		BC0D67451DD49DD000855C0E /* torpedo.mp3 */ = {isa = PBXFileReference; lastKnownFileType = audio.mp3; path = torpedo.mp3; sourceTree = "<group>"; };
		BC0D674A1DD4A01A00855C0E /* spark.png */ = {isa = PBXFileReference; lastKnownFileType = image.png; path = spark.png; sourceTree = "<group>"; };
		BC0D674C1DD4A03900855C0E /* Explosion.sks */ = {isa = PBXFileReference; lastKnownFileType = file.sks; path = Explosion.sks; sourceTree = "<group>"; };
		BC0D674D1DD4A03900855C0E /* Starfield.sks */ = {isa = PBXFileReference; lastKnownFileType = file.sks; path = Starfield.sks; sourceTree = "<group>"; };
		BC47F8D01DD75D9700F6E5EB /* MenuScene.sks */ = {isa = PBXFileReference; lastKnownFileType = file.sks; path = MenuScene.sks; sourceTree = "<group>"; };
		BC548CC21DE1CC7700F66210 /* MenuScene.swift */ = {isa = PBXFileReference; fileEncoding = 4; lastKnownFileType = sourcecode.swift; path = MenuScene.swift; sourceTree = "<group>"; };
/* End PBXFileReference section */

/* Begin PBXFrameworksBuildPhase section */
		BC0D67261DD49D3900855C0E /* Frameworks */ = {
			isa = PBXFrameworksBuildPhase;
			buildActionMask = 2147483647;
			files = (
			);
			runOnlyForDeploymentPostprocessing = 0;
		};
/* End PBXFrameworksBuildPhase section */

/* Begin PBXGroup section */
		BC0D67201DD49D3900855C0E = {
			isa = PBXGroup;
			children = (
				BC0D672B1DD49D3900855C0E /* SpaceGame */,
				BC0D672A1DD49D3900855C0E /* Products */,
			);
			sourceTree = "<group>";
		};
		BC0D672A1DD49D3900855C0E /* Products */ = {
			isa = PBXGroup;
			children = (
				BC0D67291DD49D3900855C0E /* SpaceGame.app */,
			);
			name = Products;
			sourceTree = "<group>";
		};
		BC0D672B1DD49D3900855C0E /* SpaceGame */ = {
			isa = PBXGroup;
			children = (
				BC0D672C1DD49D3900855C0E /* AppDelegate.swift */,
				BC0D67341DD49D3900855C0E /* GameViewController.swift */,
				BC0D67301DD49D3900855C0E /* Actions.sks */,
				BC0D67361DD49D3900855C0E /* Main.storyboard */,
				BC47F8D01DD75D9700F6E5EB /* MenuScene.sks */,
				BC548CC21DE1CC7700F66210 /* MenuScene.swift */,
				BC47F8CF1DD75CC100F6E5EB /* Game */,
				BC47F8CD1DD75B7300F6E5EB /* Emmitters */,
				BC47F8CE1DD75BD900F6E5EB /* Sounds */,
				BC0D67391DD49D3900855C0E /* Assets.xcassets */,
				BC0D673B1DD49D3900855C0E /* LaunchScreen.storyboard */,
				BC0D673E1DD49D3900855C0E /* Info.plist */,
			);
			path = SpaceGame;
			sourceTree = "<group>";
		};
		BC47F8CD1DD75B7300F6E5EB /* Emmitters */ = {
			isa = PBXGroup;
			children = (
				BC0D674C1DD4A03900855C0E /* Explosion.sks */,
				BC0D674D1DD4A03900855C0E /* Starfield.sks */,
				BC0D674A1DD4A01A00855C0E /* spark.png */,
			);
			name = Emmitters;
			sourceTree = "<group>";
		};
		BC47F8CE1DD75BD900F6E5EB /* Sounds */ = {
			isa = PBXGroup;
			children = (
				BC0D67441DD49DD000855C0E /* explosion.mp3 */,
				BC0D67451DD49DD000855C0E /* torpedo.mp3 */,
			);
			name = Sounds;
			sourceTree = "<group>";
		};
		BC47F8CF1DD75CC100F6E5EB /* Game */ = {
			isa = PBXGroup;
			children = (
				BC0D67321DD49D3900855C0E /* GameScene.swift */,
				BC0D672E1DD49D3900855C0E /* GameScene.sks */,
			);
			name = Game;
			sourceTree = "<group>";
		};
/* End PBXGroup section */

/* Begin PBXNativeTarget section */
		BC0D67281DD49D3900855C0E /* SpaceGame */ = {
			isa = PBXNativeTarget;
			buildConfigurationList = BC0D67411DD49D3900855C0E /* Build configuration list for PBXNativeTarget "SpaceGame" */;
			buildPhases = (
				BC0D67251DD49D3900855C0E /* Sources */,
				BC0D67261DD49D3900855C0E /* Frameworks */,
				BC0D67271DD49D3900855C0E /* Resources */,
			);
			buildRules = (
			);
			dependencies = (
			);
			name = SpaceGame;
			productName = SpaceGame;
			productReference = BC0D67291DD49D3900855C0E /* SpaceGame.app */;
			productType = "com.apple.product-type.application";
		};
/* End PBXNativeTarget section */

/* Begin PBXProject section */
		BC0D67211DD49D3900855C0E /* Project object */ = {
			isa = PBXProject;
			attributes = {
				LastSwiftUpdateCheck = 0810;
				LastUpgradeCheck = 0810;
				ORGANIZATIONNAME = AbelSu;
				TargetAttributes = {
					BC0D67281DD49D3900855C0E = {
						CreatedOnToolsVersion = 8.1;
						DevelopmentTeam = AAAX54XHMU;
						ProvisioningStyle = Automatic;
					};
				};
			};
			buildConfigurationList = BC0D67241DD49D3900855C0E /* Build configuration list for PBXProject "SpaceGame" */;
			compatibilityVersion = "Xcode 3.2";
			developmentRegion = English;
			hasScannedForEncodings = 0;
			knownRegions = (
				en,
				Base,
			);
			mainGroup = BC0D67201DD49D3900855C0E;
			productRefGroup = BC0D672A1DD49D3900855C0E /* Products */;
			projectDirPath = "";
			projectRoot = "";
			targets = (
				BC0D67281DD49D3900855C0E /* SpaceGame */,
			);
		};
/* End PBXProject section */

/* Begin PBXResourcesBuildPhase section */
		BC0D67271DD49D3900855C0E /* Resources */ = {
			isa = PBXResourcesBuildPhase;
			buildActionMask = 2147483647;
			files = (
				BC0D67471DD49DD000855C0E /* torpedo.mp3 in Resources */,
				BC0D67461DD49DD000855C0E /* explosion.mp3 in Resources */,
				BC0D674F1DD4A03900855C0E /* Starfield.sks in Resources */,
				BC0D67381DD49D3900855C0E /* Main.storyboard in Resources */,
				BC0D672F1DD49D3900855C0E /* GameScene.sks in Resources */,
				BC0D673A1DD49D3900855C0E /* Assets.xcassets in Resources */,
				BC0D674B1DD4A01A00855C0E /* spark.png in Resources */,
				BC0D673D1DD49D3900855C0E /* LaunchScreen.storyboard in Resources */,
				BC47F8D11DD75D9700F6E5EB /* MenuScene.sks in Resources */,
				BC0D67311DD49D3900855C0E /* Actions.sks in Resources */,
				BC0D674E1DD4A03900855C0E /* Explosion.sks in Resources */,
			);
			runOnlyForDeploymentPostprocessing = 0;
		};
/* End PBXResourcesBuildPhase section */

/* Begin PBXSourcesBuildPhase section */
		BC0D67251DD49D3900855C0E /* Sources */ = {
			isa = PBXSourcesBuildPhase;
			buildActionMask = 2147483647;
			files = (
				BC0D67331DD49D3900855C0E /* GameScene.swift in Sources */,
				BC548CC31DE1CC7700F66210 /* MenuScene.swift in Sources */,
				BC0D67351DD49D3900855C0E /* GameViewController.swift in Sources */,
				BC0D672D1DD49D3900855C0E /* AppDelegate.swift in Sources */,
			);
			runOnlyForDeploymentPostprocessing = 0;
		};
/* End PBXSourcesBuildPhase section */

/* Begin PBXVariantGroup section */
		BC0D67361DD49D3900855C0E /* Main.storyboard */ = {
			isa = PBXVariantGroup;
			children = (
				BC0D67371DD49D3900855C0E /* Base */,
			);
			name = Main.storyboard;
			sourceTree = "<group>";
		};
		BC0D673B1DD49D3900855C0E /* LaunchScreen.storyboard */ = {
			isa = PBXVariantGroup;
			children = (
				BC0D673C1DD49D3900855C0E /* Base */,
			);
			name = LaunchScreen.storyboard;
			sourceTree = "<group>";
		};
/* End PBXVariantGroup section */

/* Begin XCBuildConfiguration section */
		BC0D673F1DD49D3900855C0E /* Debug */ = {
			isa = XCBuildConfiguration;
			buildSettings = {
				ALWAYS_SEARCH_USER_PATHS = NO;
				CLANG_ANALYZER_NONNULL = YES;
				CLANG_CXX_LANGUAGE_STANDARD = "gnu++0x";
				CLANG_CXX_LIBRARY = "libc++";
				CLANG_ENABLE_MODULES = YES;
				CLANG_ENABLE_OBJC_ARC = YES;
				CLANG_WARN_BOOL_CONVERSION = YES;
				CLANG_WARN_CONSTANT_CONVERSION = YES;
				CLANG_WARN_DIRECT_OBJC_ISA_USAGE = YES_ERROR;
				CLANG_WARN_DOCUMENTATION_COMMENTS = YES;
				CLANG_WARN_EMPTY_BODY = YES;
				CLANG_WARN_ENUM_CONVERSION = YES;
				CLANG_WARN_INFINITE_RECURSION = YES;
				CLANG_WARN_INT_CONVERSION = YES;
				CLANG_WARN_OBJC_ROOT_CLASS = YES_ERROR;
				CLANG_WARN_SUSPICIOUS_MOVES = YES;
				CLANG_WARN_UNREACHABLE_CODE = YES;
				CLANG_WARN__DUPLICATE_METHOD_MATCH = YES;
				"CODE_SIGN_IDENTITY[sdk=iphoneos*]" = "iPhone Developer";
				COPY_PHASE_STRIP = NO;
				DEBUG_INFORMATION_FORMAT = dwarf;
				ENABLE_STRICT_OBJC_MSGSEND = YES;
				ENABLE_TESTABILITY = YES;
				GCC_C_LANGUAGE_STANDARD = gnu99;
				GCC_DYNAMIC_NO_PIC = NO;
				GCC_NO_COMMON_BLOCKS = YES;
				GCC_OPTIMIZATION_LEVEL = 0;
				GCC_PREPROCESSOR_DEFINITIONS = (
					"DEBUG=1",
					"$(inherited)",
				);
				GCC_WARN_64_TO_32_BIT_CONVERSION = YES;
				GCC_WARN_ABOUT_RETURN_TYPE = YES_ERROR;
				GCC_WARN_UNDECLARED_SELECTOR = YES;
				GCC_WARN_UNINITIALIZED_AUTOS = YES_AGGRESSIVE;
				GCC_WARN_UNUSED_FUNCTION = YES;
				GCC_WARN_UNUSED_VARIABLE = YES;
				IPHONEOS_DEPLOYMENT_TARGET = 10.1;
				MTL_ENABLE_DEBUG_INFO = YES;
				ONLY_ACTIVE_ARCH = YES;
				SDKROOT = iphoneos;
				SWIFT_ACTIVE_COMPILATION_CONDITIONS = DEBUG;
				SWIFT_OPTIMIZATION_LEVEL = "-Onone";
			};
			name = Debug;
		};
		BC0D67401DD49D3900855C0E /* Release */ = {
			isa = XCBuildConfiguration;
			buildSettings = {
				ALWAYS_SEARCH_USER_PATHS = NO;
				CLANG_ANALYZER_NONNULL = YES;
				CLANG_CXX_LANGUAGE_STANDARD = "gnu++0x";
				CLANG_CXX_LIBRARY = "libc++";
				CLANG_ENABLE_MODULES = YES;
				CLANG_ENABLE_OBJC_ARC = YES;
				CLANG_WARN_BOOL_CONVERSION = YES;
				CLANG_WARN_CONSTANT_CONVERSION = YES;
				CLANG_WARN_DIRECT_OBJC_ISA_USAGE = YES_ERROR;
				CLANG_WARN_DOCUMENTATION_COMMENTS = YES;
				CLANG_WARN_EMPTY_BODY = YES;
				CLANG_WARN_ENUM_CONVERSION = YES;
				CLANG_WARN_INFINITE_RECURSION = YES;
				CLANG_WARN_INT_CONVERSION = YES;
				CLANG_WARN_OBJC_ROOT_CLASS = YES_ERROR;
				CLANG_WARN_SUSPICIOUS_MOVES = YES;
				CLANG_WARN_UNREACHABLE_CODE = YES;
				CLANG_WARN__DUPLICATE_METHOD_MATCH = YES;
				"CODE_SIGN_IDENTITY[sdk=iphoneos*]" = "iPhone Developer";
				COPY_PHASE_STRIP = NO;
				DEBUG_INFORMATION_FORMAT = "dwarf-with-dsym";
				ENABLE_NS_ASSERTIONS = NO;
				ENABLE_STRICT_OBJC_MSGSEND = YES;
				GCC_C_LANGUAGE_STANDARD = gnu99;
				GCC_NO_COMMON_BLOCKS = YES;
				GCC_WARN_64_TO_32_BIT_CONVERSION = YES;
				GCC_WARN_ABOUT_RETURN_TYPE = YES_ERROR;
				GCC_WARN_UNDECLARED_SELECTOR = YES;
				GCC_WARN_UNINITIALIZED_AUTOS = YES_AGGRESSIVE;
				GCC_WARN_UNUSED_FUNCTION = YES;
				GCC_WARN_UNUSED_VARIABLE = YES;
				IPHONEOS_DEPLOYMENT_TARGET = 10.1;
				MTL_ENABLE_DEBUG_INFO = NO;
				SDKROOT = iphoneos;
				SWIFT_OPTIMIZATION_LEVEL = "-Owholemodule";
				VALIDATE_PRODUCT = YES;
			};
			name = Release;
		};
		BC0D67421DD49D3900855C0E /* Debug */ = {
			isa = XCBuildConfiguration;
			buildSettings = {
				ASSETCATALOG_COMPILER_APPICON_NAME = AppIcon;
				DEVELOPMENT_TEAM = AAAX54XHMU;
				INFOPLIST_FILE = SpaceGame/Info.plist;
				IPHONEOS_DEPLOYMENT_TARGET = 10.1;
				LD_RUNPATH_SEARCH_PATHS = "$(inherited) @executable_path/Frameworks";
				PRODUCT_BUNDLE_IDENTIFIER = cn.com.abel.SpaceGame;
				PRODUCT_NAME = "$(TARGET_NAME)";
				SWIFT_VERSION = 3.0;
			};
			name = Debug;
		};
		BC0D67431DD49D3900855C0E /* Release */ = {
			isa = XCBuildConfiguration;
			buildSettings = {
				ASSETCATALOG_COMPILER_APPICON_NAME = AppIcon;
				DEVELOPMENT_TEAM = AAAX54XHMU;
				INFOPLIST_FILE = SpaceGame/Info.plist;
				IPHONEOS_DEPLOYMENT_TARGET = 10.1;
				LD_RUNPATH_SEARCH_PATHS = "$(inherited) @executable_path/Frameworks";
				PRODUCT_BUNDLE_IDENTIFIER = cn.com.abel.SpaceGame;
				PRODUCT_NAME = "$(TARGET_NAME)";
				SWIFT_VERSION = 3.0;
			};
			name = Release;
		};
/* End XCBuildConfiguration section */

/* Begin XCConfigurationList section */
		BC0D67241DD49D3900855C0E /* Build configuration list for PBXProject "SpaceGame" */ = {
			isa = XCConfigurationList;
			buildConfigurations = (
				BC0D673F1DD49D3900855C0E /* Debug */,
				BC0D67401DD49D3900855C0E /* Release */,
			);
			defaultConfigurationIsVisible = 0;
			defaultConfigurationName = Release;
		};
		BC0D67411DD49D3900855C0E /* Build configuration list for PBXNativeTarget "SpaceGame" */ = {
			isa = XCConfigurationList;
			buildConfigurations = (
				BC0D67421DD49D3900855C0E /* Debug */,
				BC0D67431DD49D3900855C0E /* Release */,
			);
			defaultConfigurationIsVisible = 0;
			defaultConfigurationName = Release;
		};
/* End XCConfigurationList section */
	};
	rootObject = BC0D67211DD49D3900855C0E /* Project object */;
}
